{
    "_readme": [
        "This file locks the dependencies of your project to a known state",
        "Read more about it at https://getcomposer.org/doc/01-basic-usage.md#installing-dependencies",
        "This file is @generated automatically"
    ],
    "content-hash": "fd8a80214ef6393bf1ded3299ebf2f2f",
    "packages": [
        {
            "name": "krutush/database",
            "version": "dev-develop",
            "source": {
                "type": "git",
                "url": "https://github.com/krutush/database.git",
                "reference": "dea2a99329bd36b48a41218b10de3ee209b589e9"
            },
            "dist": {
                "type": "zip",
                "url": "https://api.github.com/repos/krutush/database/zipball/dea2a99329bd36b48a41218b10de3ee209b589e9",
                "reference": "dea2a99329bd36b48a41218b10de3ee209b589e9",
                "shasum": ""
            },
            "require": {
                "krutush/krutush": "dev-develop"
            },
            "type": "library",
            "autoload": {
                "psr-4": {
                    "Krutush\\Database\\": "src/"
                }
            },
            "notification-url": "https://packagist.org/downloads/",
            "license": [
                "MIT"
            ],
            "authors": [
                {
                    "name": "sheychen",
                    "email": "contact@clementbois.fr"
                }
            ],
            "time": "2018-06-27T17:20:45+00:00"
        },
        {
            "name": "krutush/form",
            "version": "dev-develop",
            "source": {
                "type": "git",
                "url": "https://github.com/krutush/form.git",
                "reference": "58959c6d00812e2b7737abb480389a4118647092"
            },
            "dist": {
                "type": "zip",
                "url": "https://api.github.com/repos/krutush/form/zipball/58959c6d00812e2b7737abb480389a4118647092",
                "reference": "58959c6d00812e2b7737abb480389a4118647092",
                "shasum": ""
            },
            "require": {
                "krutush/template": "dev-develop"
            },
            "type": "library",
            "autoload": {
                "psr-4": {
                    "Krutush\\Form\\": "src/"
                }
            },
            "notification-url": "https://packagist.org/downloads/",
            "license": [
                "MIT"
            ],
            "authors": [
                {
                    "name": "sheychen",
                    "email": "contact@clementbois.fr"
                }
            ],
            "time": "2018-06-27T17:20:18+00:00"
        },
        {
            "name": "krutush/krutush",
            "version": "dev-develop",
            "source": {
                "type": "git",
                "url": "https://github.com/krutush/krutush.git",
                "reference": "3c42b524d7bd199d43fb3a5035b9e1bb39f5575b"
            },
            "dist": {
                "type": "zip",
                "url": "https://api.github.com/repos/krutush/krutush/zipball/3c42b524d7bd199d43fb3a5035b9e1bb39f5575b",
                "reference": "3c42b524d7bd199d43fb3a5035b9e1bb39f5575b",
                "shasum": ""
            },
            "type": "library",
            "autoload": {
                "psr-4": {
                    "Krutush\\": "src/"
                }
            },
            "notification-url": "https://packagist.org/downloads/",
            "license": [
                "MIT"
            ],
            "authors": [
                {
                    "name": "sheychen",
                    "email": "contact@clementbois.fr"
                }
            ],
            "time": "2018-05-13T11:37:01+00:00"
        },
        {
            "name": "krutush/template",
            "version": "dev-develop",
            "source": {
                "type": "git",
                "url": "https://github.com/krutush/template.git",
                "reference": "2517642d5c07e7e824b14c35cf61f304a186f5c4"
            },
            "dist": {
                "type": "zip",
                "url": "https://api.github.com/repos/krutush/template/zipball/2517642d5c07e7e824b14c35cf61f304a186f5c4",
                "reference": "2517642d5c07e7e824b14c35cf61f304a186f5c4",
                "shasum": ""
            },
            "suggest": {
                "krutush/krutush": "Hello"
            },
            "type": "library",
            "autoload": {
                "psr-4": {
                    "Krutush\\Template\\": "src/"
                }
            },
            "notification-url": "https://packagist.org/downloads/",
            "license": [
                "MIT"
            ],
            "authors": [
                {
                    "name": "sheychen",
                    "email": "contact@clementbois.fr"
                }
            ],
            "time": "2018-07-02T16:47:09+00:00"
        }
    ],
    "packages-dev": [],
    "aliases": [],
    "minimum-stability": "stable",
    "stability-flags": {
        "krutush/krutush": 20,
        "krutush/template": 20,
        "krutush/form": 20,
        "krutush/database": 20
    },
    "prefer-stable": false,
    "prefer-lowest": false,
    "platform": [],
    "platform-dev": []
}
